<?xml version="1.0" encoding="UTF-8"?>
<Scheme
   version = "1.3">
   <BuildAction>
      <BuildActionEntries>
         <BuildActionEntry
            buildForRunning = "YES">
            <BuildableReference
               BuildableIdentifier = "primary"
               BlueprintIdentifier = "05CD14641BBE8FEA00AF4030"
               BuildableName = "DGElasticPullToRefreshExample.app"
               BlueprintName = "DGElasticPullToRefreshExample"
               ReferencedContainer = "container:DGElasticPullToRefreshExample.xcodeproj">
            </BuildableReference>
         </BuildActionEntry>
      </BuildActionEntries>
   </BuildAction>
   <LaunchAction
      useCustomWorkingDirectory = "NO"
      buildConfiguration = "Debug"
      allowLocationSimulation = "YES">
      <BuildableProductRunnable>
         <BuildableReference
            BuildableIdentifier = "primary"
            BlueprintIdentifier = "05CD14641BBE8FEA00AF4030"
            BuildableName = "DGElasticPullToRefreshExample.app"
            BlueprintName = "DGElasticPullToRefreshExample"
            ReferencedContainer = "container:DGElasticPullToRefreshExample.xcodeproj">
         </BuildableReference>
      </BuildableProductRunnable>
   </LaunchAction>
</Scheme>
